
Microsoft Visual Studio Solution File, Format Version 12.00
# Visual Studio 15
VisualStudioVersion = 15.0.28307.645
MinimumVisualStudioVersion = 10.0.40219.1
Project("{FAE04EC0-301F-11D3-BF4B-00C04F79EFBC}") = "ABMeter.Android", "ABMeter\ABMeter.Android\ABMeter.Android.csproj", "{7D10BEB4-69B3-4E81-82A8-2E31F01BCCA0}"
EndProject
Project("{FAE04EC0-301F-11D3-BF4B-00C04F79EFBC}") = "ABMeter.iOS", "ABMeter\ABMeter.iOS\ABMeter.iOS.csproj", "{D9EAA86F-2EE0-4843-8A1A-18024EEA82EC}"
EndProject
Project("{FAE04EC0-301F-11D3-BF4B-00C04F79EFBC}") = "ABMeter", "ABMeter\ABMeter\ABMeter.csproj", "{E2E6F8FB-4AE3-43ED-9A10-004A08CDFDC4}"
EndProject
Global
	GlobalSection(SolutionConfigurationPlatforms) = preSolution
		Ad-Hoc|Any CPU = Ad-Hoc|Any CPU
		Ad-Hoc|iPhone = Ad-Hoc|iPhone
		Ad-Hoc|iPhoneSimulator = Ad-Hoc|iPhoneSimulator
		AppStore|Any CPU = AppStore|Any CPU
		AppStore|iPhone = AppStore|iPhone
		AppStore|iPhoneSimulator = AppStore|iPhoneSimulator
		Debug|Any CPU = Debug|Any CPU
		Debug|iPhone = Debug|iPhone
		Debug|iPhoneSimulator = Debug|iPhoneSimulator
		Release|Any CPU = Release|Any CPU
		Release|iPhone = Release|iPhone
		Release|iPhoneSimulator = Release|iPhoneSimulator
	EndGlobalSection
	GlobalSection(ProjectConfigurationPlatforms) = postSolution
		{7D10BEB4-69B3-4E81-82A8-2E31F01BCCA0}.Ad-Hoc|Any CPU.ActiveCfg = Release|Any CPU
		{7D10BEB4-69B3-4E81-82A8-2E31F01BCCA0}.Ad-Hoc|Any CPU.Build.0 = Release|Any CPU
		{7D10BEB4-69B3-4E81-82A8-2E31F01BCCA0}.Ad-Hoc|Any CPU.Deploy.0 = Release|Any CPU
		{7D10BEB4-69B3-4E81-82A8-2E31F01BCCA0}.Ad-Hoc|iPhone.ActiveCfg = Release|Any CPU
		{7D10BEB4-69B3-4E81-82A8-2E31F01BCCA0}.Ad-Hoc|iPhone.Build.0 = Release|Any CPU
		{7D10BEB4-69B3-4E81-82A8-2E31F01BCCA0}.Ad-Hoc|iPhone.Deploy.0 = Release|Any CPU
		{7D10BEB4-69B3-4E81-82A8-2E31F01BCCA0}.Ad-Hoc|iPhoneSimulator.ActiveCfg = Release|Any CPU
		{7D10BEB4-69B3-4E81-82A8-2E31F01BCCA0}.Ad-Hoc|iPhoneSimulator.Build.0 = Release|Any CPU
		{7D10BEB4-69B3-4E81-82A8-2E31F01BCCA0}.Ad-Hoc|iPhoneSimulator.Deploy.0 = Release|Any CPU
		{7D10BEB4-69B3-4E81-82A8-2E31F01BCCA0}.AppStore|Any CPU.ActiveCfg = Release|Any CPU
		{7D10BEB4-69B3-4E81-82A8-2E31F01BCCA0}.AppStore|Any CPU.Build.0 = Release|Any CPU
		{7D10BEB4-69B3-4E81-82A8-2E31F01BCCA0}.AppStore|Any CPU.Deploy.0 = Release|Any CPU
		{7D10BEB4-69B3-4E81-82A8-2E31F01BCCA0}.AppStore|iPhone.ActiveCfg = Release|Any CPU
		{7D10BEB4-69B3-4E81-82A8-2E31F01BCCA0}.AppStore|iPhone.Build.0 = Release|Any CPU
		{7D10BEB4-69B3-4E81-82A8-2E31F01BCCA0}.AppStore|iPhone.Deploy.0 = Release|Any CPU
		{7D10BEB4-69B3-4E81-82A8-2E31F01BCCA0}.AppStore|iPhoneSimulator.ActiveCfg = Release|Any CPU
		{7D10BEB4-69B3-4E81-82A8-2E31F01BCCA0}.AppStore|iPhoneSimulator.Build.0 = Release|Any CPU
		{7D10BEB4-69B3-4E81-82A8-2E31F01BCCA0}.AppStore|iPhoneSimulator.Deploy.0 = Release|Any CPU
		{7D10BEB4-69B3-4E81-82A8-2E31F01BCCA0}.Debug|Any CPU.ActiveCfg = Debug|Any CPU
		{7D10BEB4-69B3-4E81-82A8-2E31F01BCCA0}.Debug|Any CPU.Build.0 = Debug|Any CPU
		{7D10BEB4-69B3-4E81-82A8-2E31F01BCCA0}.Debug|Any CPU.Deploy.0 = Debug|Any CPU
		{7D10BEB4-69B3-4E81-82A8-2E31F01BCCA0}.Debug|iPhone.ActiveCfg = Debug|Any CPU
		{7D10BEB4-69B3-4E81-82A8-2E31F01BCCA0}.Debug|iPhone.Build.0 = Debug|Any CPU
		{7D10BEB4-69B3-4E81-82A8-2E31F01BCCA0}.Debug|iPhone.Deploy.0 = Debug|Any CPU
		{7D10BEB4-69B3-4E81-82A8-2E31F01BCCA0}.Debug|iPhoneSimulator.ActiveCfg = Debug|Any CPU
		{7D10BEB4-69B3-4E81-82A8-2E31F01BCCA0}.Debug|iPhoneSimulator.Build.0 = Debug|Any CPU
		{7D10BEB4-69B3-4E81-82A8-2E31F01BCCA0}.Debug|iPhoneSimulator.Deploy.0 = Debug|Any CPU
		{7D10BEB4-69B3-4E81-82A8-2E31F01BCCA0}.Release|Any CPU.ActiveCfg = Release|Any CPU
		{7D10BEB4-69B3-4E81-82A8-2E31F01BCCA0}.Release|Any CPU.Build.0 = Release|Any CPU
		{7D10BEB4-69B3-4E81-82A8-2E31F01BCCA0}.Release|Any CPU.Deploy.0 = Release|Any CPU
		{7D10BEB4-69B3-4E81-82A8-2E31F01BCCA0}.Release|iPhone.ActiveCfg = Release|Any CPU
		{7D10BEB4-69B3-4E81-82A8-2E31F01BCCA0}.Release|iPhone.Build.0 = Release|Any CPU
		{7D10BEB4-69B3-4E81-82A8-2E31F01BCCA0}.Release|iPhone.Deploy.0 = Release|Any CPU
		{7D10BEB4-69B3-4E81-82A8-2E31F01BCCA0}.Release|iPhoneSimulator.ActiveCfg = Release|Any CPU
		{7D10BEB4-69B3-4E81-82A8-2E31F01BCCA0}.Release|iPhoneSimulator.Build.0 = Release|Any CPU
		{7D10BEB4-69B3-4E81-82A8-2E31F01BCCA0}.Release|iPhoneSimulator.Deploy.0 = Release|Any CPU
		{D9EAA86F-2EE0-4843-8A1A-18024EEA82EC}.Ad-Hoc|Any CPU.ActiveCfg = Ad-Hoc|iPhone
		{D9EAA86F-2EE0-4843-8A1A-18024EEA82EC}.Ad-Hoc|Any CPU.Build.0 = Ad-Hoc|iPhone
		{D9EAA86F-2EE0-4843-8A1A-18024EEA82EC}.Ad-Hoc|Any CPU.Deploy.0 = Ad-Hoc|iPhone
		{D9EAA86F-2EE0-4843-8A1A-18024EEA82EC}.Ad-Hoc|iPhone.ActiveCfg = Ad-Hoc|iPhone
		{D9EAA86F-2EE0-4843-8A1A-18024EEA82EC}.Ad-Hoc|iPhone.Build.0 = Ad-Hoc|iPhone
		{D9EAA86F-2EE0-4843-8A1A-18024EEA82EC}.Ad-Hoc|iPhone.Deploy.0 = Ad-Hoc|iPhone
		{D9EAA86F-2EE0-4843-8A1A-18024EEA82EC}.Ad-Hoc|iPhoneSimulator.ActiveCfg = Ad-Hoc|iPhoneSimulator
		{D9EAA86F-2EE0-4843-8A1A-18024EEA82EC}.Ad-Hoc|iPhoneSimulator.Build.0 = Ad-Hoc|iPhoneSimulator
		{D9EAA86F-2EE0-4843-8A1A-18024EEA82EC}.Ad-Hoc|iPhoneSimulator.Deploy.0 = Ad-Hoc|iPhoneSimulator
		{D9EAA86F-2EE0-4843-8A1A-18024EEA82EC}.AppStore|Any CPU.ActiveCfg = AppStore|iPhone
		{D9EAA86F-2EE0-4843-8A1A-18024EEA82EC}.AppStore|Any CPU.Build.0 = AppStore|iPhone
		{D9EAA86F-2EE0-4843-8A1A-18024EEA82EC}.AppStore|Any CPU.Deploy.0 = AppStore|iPhone
		{D9EAA86F-2EE0-4843-8A1A-18024EEA82EC}.AppStore|iPhone.ActiveCfg = AppStore|iPhone
		{D9EAA86F-2EE0-4843-8A1A-18024EEA82EC}.AppStore|iPhone.Build.0 = AppStore|iPhone
		{D9EAA86F-2EE0-4843-8A1A-18024EEA82EC}.AppStore|iPhone.Deploy.0 = AppStore|iPhone
		{D9EAA86F-2EE0-4843-8A1A-18024EEA82EC}.AppStore|iPhoneSimulator.ActiveCfg = AppStore|iPhoneSimulator
		{D9EAA86F-2EE0-4843-8A1A-18024EEA82EC}.AppStore|iPhoneSimulator.Build.0 = AppStore|iPhoneSimulator
		{D9EAA86F-2EE0-4843-8A1A-18024EEA82EC}.AppStore|iPhoneSimulator.Deploy.0 = AppStore|iPhoneSimulator
		{D9EAA86F-2EE0-4843-8A1A-18024EEA82EC}.Debug|Any CPU.ActiveCfg = Debug|iPhoneSimulator
		{D9EAA86F-2EE0-4843-8A1A-18024EEA82EC}.Debug|Any CPU.Build.0 = Debug|iPhoneSimulator
		{D9EAA86F-2EE0-4843-8A1A-18024EEA82EC}.Debug|Any CPU.Deploy.0 = Debug|iPhoneSimulator
		{D9EAA86F-2EE0-4843-8A1A-18024EEA82EC}.Debug|iPhone.ActiveCfg = Debug|iPhone
		{D9EAA86F-2EE0-4843-8A1A-18024EEA82EC}.Debug|iPhone.Build.0 = Debug|iPhone
		{D9EAA86F-2EE0-4843-8A1A-18024EEA82EC}.Debug|iPhone.Deploy.0 = Debug|iPhone
		{D9EAA86F-2EE0-4843-8A1A-18024EEA82EC}.Debug|iPhoneSimulator.ActiveCfg = Debug|iPhoneSimulator
		{D9EAA86F-2EE0-4843-8A1A-18024EEA82EC}.Debug|iPhoneSimulator.Build.0 = Debug|iPhoneSimulator
		{D9EAA86F-2EE0-4843-8A1A-18024EEA82EC}.Debug|iPhoneSimulator.Deploy.0 = Debug|iPhoneSimulator
		{D9EAA86F-2EE0-4843-8A1A-18024EEA82EC}.Release|Any CPU.ActiveCfg = Release|iPhone
		{D9EAA86F-2EE0-4843-8A1A-18024EEA82EC}.Release|Any CPU.Build.0 = Release|iPhone
		{D9EAA86F-2EE0-4843-8A1A-18024EEA82EC}.Release|Any CPU.Deploy.0 = Release|iPhone
		{D9EAA86F-2EE0-4843-8A1A-18024EEA82EC}.Release|iPhone.ActiveCfg = Release|iPhone
		{D9EAA86F-2EE0-4843-8A1A-18024EEA82EC}.Release|iPhone.Build.0 = Release|iPhone
		{D9EAA86F-2EE0-4843-8A1A-18024EEA82EC}.Release|iPhone.Deploy.0 = Release|iPhone
		{D9EAA86F-2EE0-4843-8A1A-18024EEA82EC}.Release|iPhoneSimulator.ActiveCfg = Release|iPhoneSimulator
		{D9EAA86F-2EE0-4843-8A1A-18024EEA82EC}.Release|iPhoneSimulator.Build.0 = Release|iPhoneSimulator
		{D9EAA86F-2EE0-4843-8A1A-18024EEA82EC}.Release|iPhoneSimulator.Deploy.0 = Release|iPhoneSimulator
		{E2E6F8FB-4AE3-43ED-9A10-004A08CDFDC4}.Ad-Hoc|Any CPU.ActiveCfg = Debug|Any CPU
		{E2E6F8FB-4AE3-43ED-9A10-004A08CDFDC4}.Ad-Hoc|Any CPU.Build.0 = Debug|Any CPU
		{E2E6F8FB-4AE3-43ED-9A10-004A08CDFDC4}.Ad-Hoc|Any CPU.Deploy.0 = Debug|Any CPU
		{E2E6F8FB-4AE3-43ED-9A10-004A08CDFDC4}.Ad-Hoc|iPhone.ActiveCfg = Debug|Any CPU
		{E2E6F8FB-4AE3-43ED-9A10-004A08CDFDC4}.Ad-Hoc|iPhone.Build.0 = Debug|Any CPU
		{E2E6F8FB-4AE3-43ED-9A10-004A08CDFDC4}.Ad-Hoc|iPhone.Deploy.0 = Debug|Any CPU
		{E2E6F8FB-4AE3-43ED-9A10-004A08CDFDC4}.Ad-Hoc|iPhoneSimulator.ActiveCfg = Debug|Any CPU
		{E2E6F8FB-4AE3-43ED-9A10-004A08CDFDC4}.Ad-Hoc|iPhoneSimulator.Build.0 = Debug|Any CPU
		{E2E6F8FB-4AE3-43ED-9A10-004A08CDFDC4}.Ad-Hoc|iPhoneSimulator.Deploy.0 = Debug|Any CPU
		{E2E6F8FB-4AE3-43ED-9A10-004A08CDFDC4}.AppStore|Any CPU.ActiveCfg = Debug|Any CPU
		{E2E6F8FB-4AE3-43ED-9A10-004A08CDFDC4}.AppStore|Any CPU.Build.0 = Debug|Any CPU
		{E2E6F8FB-4AE3-43ED-9A10-004A08CDFDC4}.AppStore|Any CPU.Deploy.0 = Debug|Any CPU
		{E2E6F8FB-4AE3-43ED-9A10-004A08CDFDC4}.AppStore|iPhone.ActiveCfg = Debug|Any CPU
		{E2E6F8FB-4AE3-43ED-9A10-004A08CDFDC4}.AppStore|iPhone.Build.0 = Debug|Any CPU
		{E2E6F8FB-4AE3-43ED-9A10-004A08CDFDC4}.AppStore|iPhone.Deploy.0 = Debug|Any CPU
		{E2E6F8FB-4AE3-43ED-9A10-004A08CDFDC4}.AppStore|iPhoneSimulator.ActiveCfg = Debug|Any CPU
		{E2E6F8FB-4AE3-43ED-9A10-004A08CDFDC4}.AppStore|iPhoneSimulator.Build.0 = Debug|Any CPU
		{E2E6F8FB-4AE3-43ED-9A10-004A08CDFDC4}.AppStore|iPhoneSimulator.Deploy.0 = Debug|Any CPU
		{E2E6F8FB-4AE3-43ED-9A10-004A08CDFDC4}.Debug|Any CPU.ActiveCfg = Debug|Any CPU
		{E2E6F8FB-4AE3-43ED-9A10-004A08CDFDC4}.Debug|Any CPU.Build.0 = Debug|Any CPU
		{E2E6F8FB-4AE3-43ED-9A10-004A08CDFDC4}.Debug|Any CPU.Deploy.0 = Debug|Any CPU
		{E2E6F8FB-4AE3-43ED-9A10-004A08CDFDC4}.Debug|iPhone.ActiveCfg = Debug|Any CPU
		{E2E6F8FB-4AE3-43ED-9A10-004A08CDFDC4}.Debug|iPhone.Build.0 = Debug|Any CPU
		{E2E6F8FB-4AE3-43ED-9A10-004A08CDFDC4}.Debug|iPhone.Deploy.0 = Debug|Any CPU
		{E2E6F8FB-4AE3-43ED-9A10-004A08CDFDC4}.Debug|iPhoneSimulator.ActiveCfg = Debug|Any CPU
		{E2E6F8FB-4AE3-43ED-9A10-004A08CDFDC4}.Debug|iPhoneSimulator.Build.0 = Debug|Any CPU
		{E2E6F8FB-4AE3-43ED-9A10-004A08CDFDC4}.Debug|iPhoneSimulator.Deploy.0 = Debug|Any CPU
		{E2E6F8FB-4AE3-43ED-9A10-004A08CDFDC4}.Release|Any CPU.ActiveCfg = Release|Any CPU
		{E2E6F8FB-4AE3-43ED-9A10-004A08CDFDC4}.Release|Any CPU.Build.0 = Release|Any CPU
		{E2E6F8FB-4AE3-43ED-9A10-004A08CDFDC4}.Release|Any CPU.Deploy.0 = Release|Any CPU
		{E2E6F8FB-4AE3-43ED-9A10-004A08CDFDC4}.Release|iPhone.ActiveCfg = Release|Any CPU
		{E2E6F8FB-4AE3-43ED-9A10-004A08CDFDC4}.Release|iPhone.Build.0 = Release|Any CPU
		{E2E6F8FB-4AE3-43ED-9A10-004A08CDFDC4}.Release|iPhone.Deploy.0 = Release|Any CPU
		{E2E6F8FB-4AE3-43ED-9A10-004A08CDFDC4}.Release|iPhoneSimulator.ActiveCfg = Release|Any CPU
		{E2E6F8FB-4AE3-43ED-9A10-004A08CDFDC4}.Release|iPhoneSimulator.Build.0 = Release|Any CPU
		{E2E6F8FB-4AE3-43ED-9A10-004A08CDFDC4}.Release|iPhoneSimulator.Deploy.0 = Release|Any CPU
	EndGlobalSection
	GlobalSection(SolutionProperties) = preSolution
		HideSolutionNode = FALSE
	EndGlobalSection
	GlobalSection(ExtensibilityGlobals) = postSolution
		SolutionGuid = {D877196E-30F9-4007-B9F7-20CDA56B06F6}
	EndGlobalSection
EndGlobal
